// !$*UTF8*$!
{
	archiveVersion = 1;
	classes = {
	};
	objectVersion = 56;
	objects = {

/* Begin PBXBuildFile section */
		4840891A2D4E3F0600195E8F /* let_s_sleep_2App.swift in Sources */ = {isa = PBXBuildFile; fileRef = 484089192D4E3F0600195E8F /* let_s_sleep_2App.swift */; };
		4840891C2D4E3F0600195E8F /* ContentView.swift in Sources */ = {isa = PBXBuildFile; fileRef = 4840891B2D4E3F0600195E8F /* ContentView.swift */; };
		484089212D4E3F0800195E8F /* Preview Assets.xcassets in Resources */ = {isa = PBXBuildFile; fileRef = 484089202D4E3F0800195E8F /* Preview Assets.xcassets */; };
		484089282D4E3F7300195E8F /* Assets.xcassets in Resources */ = {isa = PBXBuildFile; fileRef = 484089272D4E3F7300195E8F /* Assets.xcassets */; };
		4840892C2D4E3FC000195E8F /* Buttons.swift in Sources */ = {isa = PBXBuildFile; fileRef = 4840892A2D4E3FC000195E8F /* Buttons.swift */; };
		4840892D2D4E3FC000195E8F /* Icons.swift in Sources */ = {isa = PBXBuildFile; fileRef = 4840892B2D4E3FC000195E8F /* Icons.swift */; };
		4840892F2D4E3FDC00195E8F /* Constants.swift in Sources */ = {isa = PBXBuildFile; fileRef = 4840892E2D4E3FDC00195E8F /* Constants.swift */; };
		484089312D4E40B400195E8F /* Color.swift in Sources */ = {isa = PBXBuildFile; fileRef = 484089302D4E40B400195E8F /* Color.swift */; };
		484089332D4E439F00195E8F /* UI.swift in Sources */ = {isa = PBXBuildFile; fileRef = 484089322D4E439F00195E8F /* UI.swift */; };
		48629AD02D532031005B345D /* SleepEntryView.swift in Sources */ = {isa = PBXBuildFile; fileRef = 48629ACF2D532031005B345D /* SleepEntryView.swift */; };
/* End PBXBuildFile section */

/* Begin PBXFileReference section */
		484089162D4E3F0600195E8F /* let's sleep 2.app */ = {isa = PBXFileReference; explicitFileType = wrapper.application; includeInIndex = 0; path = "let's sleep 2.app"; sourceTree = BUILT_PRODUCTS_DIR; };
		484089192D4E3F0600195E8F /* let_s_sleep_2App.swift */ = {isa = PBXFileReference; lastKnownFileType = sourcecode.swift; path = let_s_sleep_2App.swift; sourceTree = "<group>"; };
		4840891B2D4E3F0600195E8F /* ContentView.swift */ = {isa = PBXFileReference; lastKnownFileType = sourcecode.swift; path = ContentView.swift; sourceTree = "<group>"; };
		484089202D4E3F0800195E8F /* Preview Assets.xcassets */ = {isa = PBXFileReference; lastKnownFileType = folder.assetcatalog; path = "Preview Assets.xcassets"; sourceTree = "<group>"; };
		484089272D4E3F7300195E8F /* Assets.xcassets */ = {isa = PBXFileReference; lastKnownFileType = folder.assetcatalog; name = Assets.xcassets; path = "../../let's sleep/let's sleep/Assets.xcassets"; sourceTree = "<group>"; };
		4840892A2D4E3FC000195E8F /* Buttons.swift */ = {isa = PBXFileReference; fileEncoding = 4; lastKnownFileType = sourcecode.swift; path = Buttons.swift; sourceTree = "<group>"; };
		4840892B2D4E3FC000195E8F /* Icons.swift */ = {isa = PBXFileReference; fileEncoding = 4; lastKnownFileType = sourcecode.swift; path = Icons.swift; sourceTree = "<group>"; };
		4840892E2D4E3FDC00195E8F /* Constants.swift */ = {isa = PBXFileReference; fileEncoding = 4; lastKnownFileType = sourcecode.swift; path = Constants.swift; sourceTree = "<group>"; };
		484089302D4E40B400195E8F /* Color.swift */ = {isa = PBXFileReference; fileEncoding = 4; lastKnownFileType = sourcecode.swift; path = Color.swift; sourceTree = "<group>"; };
		484089322D4E439F00195E8F /* UI.swift */ = {isa = PBXFileReference; lastKnownFileType = sourcecode.swift; path = UI.swift; sourceTree = "<group>"; };
		48629ACF2D532031005B345D /* SleepEntryView.swift */ = {isa = PBXFileReference; lastKnownFileType = sourcecode.swift; path = SleepEntryView.swift; sourceTree = "<group>"; };
/* End PBXFileReference section */

/* Begin PBXFrameworksBuildPhase section */
		484089132D4E3F0600195E8F /* Frameworks */ = {
			isa = PBXFrameworksBuildPhase;
			buildActionMask = 2147483647;
			files = (
			);
			runOnlyForDeploymentPostprocessing = 0;
		};
/* End PBXFrameworksBuildPhase section */

/* Begin PBXGroup section */
		4840890D2D4E3F0600195E8F = {
			isa = PBXGroup;
			children = (
				484089182D4E3F0600195E8F /* let's sleep 2 */,
				484089172D4E3F0600195E8F /* Products */,
			);
			sourceTree = "<group>";
		};
		484089172D4E3F0600195E8F /* Products */ = {
			isa = PBXGroup;
			children = (
				484089162D4E3F0600195E8F /* let's sleep 2.app */,
			);
			name = Products;
			sourceTree = "<group>";
		};
		484089182D4E3F0600195E8F /* let's sleep 2 */ = {
			isa = PBXGroup;
			children = (
				484089292D4E3FC000195E8F /* UI */,
				484089302D4E40B400195E8F /* Color.swift */,
				4840892E2D4E3FDC00195E8F /* Constants.swift */,
				484089192D4E3F0600195E8F /* let_s_sleep_2App.swift */,
				4840891B2D4E3F0600195E8F /* ContentView.swift */,
				48629ACF2D532031005B345D /* SleepEntryView.swift */,
				484089272D4E3F7300195E8F /* Assets.xcassets */,
				4840891F2D4E3F0800195E8F /* Preview Content */,
			);
			path = "let's sleep 2";
			sourceTree = "<group>";
		};
		4840891F2D4E3F0800195E8F /* Preview Content */ = {
			isa = PBXGroup;
			children = (
				484089202D4E3F0800195E8F /* Preview Assets.xcassets */,
			);
			path = "Preview Content";
			sourceTree = "<group>";
		};
		484089292D4E3FC000195E8F /* UI */ = {
			isa = PBXGroup;
			children = (
				4840892A2D4E3FC000195E8F /* Buttons.swift */,
				4840892B2D4E3FC000195E8F /* Icons.swift */,
				484089322D4E439F00195E8F /* UI.swift */,
			);
			path = UI;
			sourceTree = "<group>";
		};
/* End PBXGroup section */

/* Begin PBXNativeTarget section */
		484089152D4E3F0600195E8F /* let's sleep 2 */ = {
			isa = PBXNativeTarget;
			buildConfigurationList = 484089242D4E3F0800195E8F /* Build configuration list for PBXNativeTarget "let's sleep 2" */;
			buildPhases = (
				484089122D4E3F0600195E8F /* Sources */,
				484089132D4E3F0600195E8F /* Frameworks */,
				484089142D4E3F0600195E8F /* Resources */,
			);
			buildRules = (
			);
			dependencies = (
			);
			name = "let's sleep 2";
			productName = "let's sleep 2";
			productReference = 484089162D4E3F0600195E8F /* let's sleep 2.app */;
			productType = "com.apple.product-type.application";
		};
/* End PBXNativeTarget section */

/* Begin PBXProject section */
		4840890E2D4E3F0600195E8F /* Project object */ = {
			isa = PBXProject;
			attributes = {
				BuildIndependentTargetsInParallel = 1;
				LastSwiftUpdateCheck = 1520;
				LastUpgradeCheck = 1520;
				TargetAttributes = {
					484089152D4E3F0600195E8F = {
						CreatedOnToolsVersion = 15.2;
					};
				};
			};
			buildConfigurationList = 484089112D4E3F0600195E8F /* Build configuration list for PBXProject "let's sleep 2" */;
			compatibilityVersion = "Xcode 14.0";
			developmentRegion = en;
			hasScannedForEncodings = 0;
			knownRegions = (
				en,
				Base,
			);
			mainGroup = 4840890D2D4E3F0600195E8F;
			productRefGroup = 484089172D4E3F0600195E8F /* Products */;
			projectDirPath = "";
			projectRoot = "";
			targets = (
				484089152D4E3F0600195E8F /* let's sleep 2 */,
			);
		};
/* End PBXProject section */

/* Begin PBXResourcesBuildPhase section */
		484089142D4E3F0600195E8F /* Resources */ = {
			isa = PBXResourcesBuildPhase;
			buildActionMask = 2147483647;
			files = (
				484089212D4E3F0800195E8F /* Preview Assets.xcassets in Resources */,
				484089282D4E3F7300195E8F /* Assets.xcassets in Resources */,
			);
			runOnlyForDeploymentPostprocessing = 0;
		};
/* End PBXResourcesBuildPhase section */

/* Begin PBXSourcesBuildPhase section */
		484089122D4E3F0600195E8F /* Sources */ = {
			isa = PBXSourcesBuildPhase;
			buildActionMask = 2147483647;
			files = (
				4840892F2D4E3FDC00195E8F /* Constants.swift in Sources */,
				484089332D4E439F00195E8F /* UI.swift in Sources */,
				4840892C2D4E3FC000195E8F /* Buttons.swift in Sources */,
				4840891C2D4E3F0600195E8F /* ContentView.swift in Sources */,
				4840892D2D4E3FC000195E8F /* Icons.swift in Sources */,
				48629AD02D532031005B345D /* SleepEntryView.swift in Sources */,
				4840891A2D4E3F0600195E8F /* let_s_sleep_2App.swift in Sources */,
				484089312D4E40B400195E8F /* Color.swift in Sources */,
			);
			runOnlyForDeploymentPostprocessing = 0;
		};
/* End PBXSourcesBuildPhase section */

/* Begin XCBuildConfiguration section */
		484089222D4E3F0800195E8F /* Debug */ = {
			isa = XCBuildConfiguration;
			buildSettings = {
				ALWAYS_SEARCH_USER_PATHS = NO;
				ASSETCATALOG_COMPILER_GENERATE_SWIFT_ASSET_SYMBOL_EXTENSIONS = YES;
				CLANG_ANALYZER_NONNULL = YES;
				CLANG_ANALYZER_NUMBER_OBJECT_CONVERSION = YES_AGGRESSIVE;
				CLANG_CXX_LANGUAGE_STANDARD = "gnu++20";
				CLANG_ENABLE_MODULES = YES;
				CLANG_ENABLE_OBJC_ARC = YES;
				CLANG_ENABLE_OBJC_WEAK = YES;
				CLANG_WARN_BLOCK_CAPTURE_AUTORELEASING = YES;
				CLANG_WARN_BOOL_CONVERSION = YES;
				CLANG_WARN_COMMA = YES;
				CLANG_WARN_CONSTANT_CONVERSION = YES;
				CLANG_WARN_DEPRECATED_OBJC_IMPLEMENTATIONS = YES;
				CLANG_WARN_DIRECT_OBJC_ISA_USAGE = YES_ERROR;
				CLANG_WARN_DOCUMENTATION_COMMENTS = YES;
				CLANG_WARN_EMPTY_BODY = YES;
				CLANG_WARN_ENUM_CONVERSION = YES;
				CLANG_WARN_INFINITE_RECURSION = YES;
				CLANG_WARN_INT_CONVERSION = YES;
				CLANG_WARN_NON_LITERAL_NULL_CONVERSION = YES;
				CLANG_WARN_OBJC_IMPLICIT_RETAIN_SELF = YES;
				CLANG_WARN_OBJC_LITERAL_CONVERSION = YES;
				CLANG_WARN_OBJC_ROOT_CLASS = YES_ERROR;
				CLANG_WARN_QUOTED_INCLUDE_IN_FRAMEWORK_HEADER = YES;
				CLANG_WARN_RANGE_LOOP_ANALYSIS = YES;
				CLANG_WARN_STRICT_PROTOTYPES = YES;
				CLANG_WARN_SUSPICIOUS_MOVE = YES;
				CLANG_WARN_UNGUARDED_AVAILABILITY = YES_AGGRESSIVE;
				CLANG_WARN_UNREACHABLE_CODE = YES;
				CLANG_WARN__DUPLICATE_METHOD_MATCH = YES;
				COPY_PHASE_STRIP = NO;
				DEBUG_INFORMATION_FORMAT = dwarf;
				ENABLE_STRICT_OBJC_MSGSEND = YES;
				ENABLE_TESTABILITY = YES;
				ENABLE_USER_SCRIPT_SANDBOXING = YES;
				GCC_C_LANGUAGE_STANDARD = gnu17;
				GCC_DYNAMIC_NO_PIC = NO;
				GCC_NO_COMMON_BLOCKS = YES;
				GCC_OPTIMIZATION_LEVEL = 0;
				GCC_PREPROCESSOR_DEFINITIONS = (
					"DEBUG=1",
					"$(inherited)",
				);
				GCC_WARN_64_TO_32_BIT_CONVERSION = YES;
				GCC_WARN_ABOUT_RETURN_TYPE = YES_ERROR;
				GCC_WARN_UNDECLARED_SELECTOR = YES;
				GCC_WARN_UNINITIALIZED_AUTOS = YES_AGGRESSIVE;
				GCC_WARN_UNUSED_FUNCTION = YES;
				GCC_WARN_UNUSED_VARIABLE = YES;
				IPHONEOS_DEPLOYMENT_TARGET = 17.2;
				LOCALIZATION_PREFERS_STRING_CATALOGS = YES;
				MTL_ENABLE_DEBUG_INFO = INCLUDE_SOURCE;
				MTL_FAST_MATH = YES;
				ONLY_ACTIVE_ARCH = YES;
				SDKROOT = iphoneos;
				SWIFT_ACTIVE_COMPILATION_CONDITIONS = "DEBUG $(inherited)";
				SWIFT_OPTIMIZATION_LEVEL = "-Onone";
			};
			name = Debug;
		};
		484089232D4E3F0800195E8F /* Release */ = {
			isa = XCBuildConfiguration;
			buildSettings = {
				ALWAYS_SEARCH_USER_PATHS = NO;
				ASSETCATALOG_COMPILER_GENERATE_SWIFT_ASSET_SYMBOL_EXTENSIONS = YES;
				CLANG_ANALYZER_NONNULL = YES;
				CLANG_ANALYZER_NUMBER_OBJECT_CONVERSION = YES_AGGRESSIVE;
				CLANG_CXX_LANGUAGE_STANDARD = "gnu++20";
				CLANG_ENABLE_MODULES = YES;
				CLANG_ENABLE_OBJC_ARC = YES;
				CLANG_ENABLE_OBJC_WEAK = YES;
				CLANG_WARN_BLOCK_CAPTURE_AUTORELEASING = YES;
				CLANG_WARN_BOOL_CONVERSION = YES;
				CLANG_WARN_COMMA = YES;
				CLANG_WARN_CONSTANT_CONVERSION = YES;
				CLANG_WARN_DEPRECATED_OBJC_IMPLEMENTATIONS = YES;
				CLANG_WARN_DIRECT_OBJC_ISA_USAGE = YES_ERROR;
				CLANG_WARN_DOCUMENTATION_COMMENTS = YES;
				CLANG_WARN_EMPTY_BODY = YES;
				CLANG_WARN_ENUM_CONVERSION = YES;
				CLANG_WARN_INFINITE_RECURSION = YES;
				CLANG_WARN_INT_CONVERSION = YES;
				CLANG_WARN_NON_LITERAL_NULL_CONVERSION = YES;
				CLANG_WARN_OBJC_IMPLICIT_RETAIN_SELF = YES;
				CLANG_WARN_OBJC_LITERAL_CONVERSION = YES;
				CLANG_WARN_OBJC_ROOT_CLASS = YES_ERROR;
				CLANG_WARN_QUOTED_INCLUDE_IN_FRAMEWORK_HEADER = YES;
				CLANG_WARN_RANGE_LOOP_ANALYSIS = YES;
				CLANG_WARN_STRICT_PROTOTYPES = YES;
				CLANG_WARN_SUSPICIOUS_MOVE = YES;
				CLANG_WARN_UNGUARDED_AVAILABILITY = YES_AGGRESSIVE;
				CLANG_WARN_UNREACHABLE_CODE = YES;
				CLANG_WARN__DUPLICATE_METHOD_MATCH = YES;
				COPY_PHASE_STRIP = NO;
				DEBUG_INFORMATION_FORMAT = "dwarf-with-dsym";
				ENABLE_NS_ASSERTIONS = NO;
				ENABLE_STRICT_OBJC_MSGSEND = YES;
				ENABLE_USER_SCRIPT_SANDBOXING = YES;
				GCC_C_LANGUAGE_STANDARD = gnu17;
				GCC_NO_COMMON_BLOCKS = YES;
				GCC_WARN_64_TO_32_BIT_CONVERSION = YES;
				GCC_WARN_ABOUT_RETURN_TYPE = YES_ERROR;
				GCC_WARN_UNDECLARED_SELECTOR = YES;
				GCC_WARN_UNINITIALIZED_AUTOS = YES_AGGRESSIVE;
				GCC_WARN_UNUSED_FUNCTION = YES;
				GCC_WARN_UNUSED_VARIABLE = YES;
				IPHONEOS_DEPLOYMENT_TARGET = 17.2;
				LOCALIZATION_PREFERS_STRING_CATALOGS = YES;
				MTL_ENABLE_DEBUG_INFO = NO;
				MTL_FAST_MATH = YES;
				SDKROOT = iphoneos;
				SWIFT_COMPILATION_MODE = wholemodule;
				VALIDATE_PRODUCT = YES;
			};
			name = Release;
		};
		484089252D4E3F0800195E8F /* Debug */ = {
			isa = XCBuildConfiguration;
			buildSettings = {
				ASSETCATALOG_COMPILER_APPICON_NAME = AppIcon;
				ASSETCATALOG_COMPILER_GLOBAL_ACCENT_COLOR_NAME = AccentColor;
				CODE_SIGN_STYLE = Automatic;
				CURRENT_PROJECT_VERSION = 1;
				DEVELOPMENT_ASSET_PATHS = "\"let's sleep 2/Preview Content\"";
				DEVELOPMENT_TEAM = 9QNMAN8CT6;
				ENABLE_PREVIEWS = YES;
				GENERATE_INFOPLIST_FILE = YES;
				INFOPLIST_KEY_UIApplicationSceneManifest_Generation = YES;
				INFOPLIST_KEY_UIApplicationSupportsIndirectInputEvents = YES;
				INFOPLIST_KEY_UILaunchScreen_Generation = YES;
				INFOPLIST_KEY_UISupportedInterfaceOrientations_iPad = "UIInterfaceOrientationPortrait UIInterfaceOrientationPortraitUpsideDown UIInterfaceOrientationLandscapeLeft UIInterfaceOrientationLandscapeRight";
				INFOPLIST_KEY_UISupportedInterfaceOrientations_iPhone = "UIInterfaceOrientationPortrait UIInterfaceOrientationLandscapeLeft UIInterfaceOrientationLandscapeRight";
				LD_RUNPATH_SEARCH_PATHS = (
					"$(inherited)",
					"@executable_path/Frameworks",
				);
				MARKETING_VERSION = 1.0;
				PRODUCT_BUNDLE_IDENTIFIER = "kopyl.let-s-sleep-2";
				PRODUCT_NAME = "$(TARGET_NAME)";
				SWIFT_EMIT_LOC_STRINGS = YES;
				SWIFT_VERSION = 5.0;
				TARGETED_DEVICE_FAMILY = "1,2";
			};
			name = Debug;
		};
		484089262D4E3F0800195E8F /* Release */ = {
			isa = XCBuildConfiguration;
			buildSettings = {
				ASSETCATALOG_COMPILER_APPICON_NAME = AppIcon;
				ASSETCATALOG_COMPILER_GLOBAL_ACCENT_COLOR_NAME = AccentColor;
				CODE_SIGN_STYLE = Automatic;
				CURRENT_PROJECT_VERSION = 1;
				DEVELOPMENT_ASSET_PATHS = "\"let's sleep 2/Preview Content\"";
				DEVELOPMENT_TEAM = 9QNMAN8CT6;
				ENABLE_PREVIEWS = YES;
				GENERATE_INFOPLIST_FILE = YES;
				INFOPLIST_KEY_UIApplicationSceneManifest_Generation = YES;
				INFOPLIST_KEY_UIApplicationSupportsIndirectInputEvents = YES;
				INFOPLIST_KEY_UILaunchScreen_Generation = YES;
				INFOPLIST_KEY_UISupportedInterfaceOrientations_iPad = "UIInterfaceOrientationPortrait UIInterfaceOrientationPortraitUpsideDown UIInterfaceOrientationLandscapeLeft UIInterfaceOrientationLandscapeRight";
				INFOPLIST_KEY_UISupportedInterfaceOrientations_iPhone = "UIInterfaceOrientationPortrait UIInterfaceOrientationLandscapeLeft UIInterfaceOrientationLandscapeRight";
				LD_RUNPATH_SEARCH_PATHS = (
					"$(inherited)",
					"@executable_path/Frameworks",
				);
				MARKETING_VERSION = 1.0;
				PRODUCT_BUNDLE_IDENTIFIER = "kopyl.let-s-sleep-2";
				PRODUCT_NAME = "$(TARGET_NAME)";
				SWIFT_EMIT_LOC_STRINGS = YES;
				SWIFT_VERSION = 5.0;
				TARGETED_DEVICE_FAMILY = "1,2";
			};
			name = Release;
		};
/* End XCBuildConfiguration section */

/* Begin XCConfigurationList section */
		484089112D4E3F0600195E8F /* Build configuration list for PBXProject "let's sleep 2" */ = {
			isa = XCConfigurationList;
			buildConfigurations = (
				484089222D4E3F0800195E8F /* Debug */,
				484089232D4E3F0800195E8F /* Release */,
			);
			defaultConfigurationIsVisible = 0;
			defaultConfigurationName = Release;
		};
		484089242D4E3F0800195E8F /* Build configuration list for PBXNativeTarget "let's sleep 2" */ = {
			isa = XCConfigurationList;
			buildConfigurations = (
				484089252D4E3F0800195E8F /* Debug */,
				484089262D4E3F0800195E8F /* Release */,
			);
			defaultConfigurationIsVisible = 0;
			defaultConfigurationName = Release;
		};
/* End XCConfigurationList section */
	};
	rootObject = 4840890E2D4E3F0600195E8F /* Project object */;
}
